{
  "name": "leetcode-github-extension",
  "version": "1.0.0",
  "lockfileVersion": 3,
  "requires": true,
  "packages": {
    "": {
      "name": "leetcode-github-extension",
      "version": "1.0.0",
      "license": "ISC",
      "devDependencies": {
        "chrome-types": "^0.1.201"
      }
    },
    "node_modules/chrome-types": {
      "version": "0.1.203",
      "resolved": "https://registry.npmjs.org/chrome-types/-/chrome-types-0.1.203.tgz",
      "integrity": "sha512-G6mxv/1eY1CKPPbYIo/jrPPesVDXXELRLVXSvO/bXWT3EheFqD+d+tMf+V1rcsPxrSwgmzakcI/iY3yG6CRsFg==",
      "dev": true
    }
  }
}
